
Microsoft Visual Studio Solution File, Format Version 12.00
# Visual Studio Version 17
VisualStudioVersion = 17.9.34728.123
MinimumVisualStudioVersion = 10.0.40219.1
Project("{00D1A9C2-B5F0-4AF3-8072-F6C62B433612}") = "SqlAsmTextTools", "SqlAsmTextTools\SqlAsmTextTools.sqlproj", "{6C79480E-DCC0-44CC-80F2-95E8918997F5}"
EndProject
Project("{00D1A9C2-B5F0-4AF3-8072-F6C62B433612}") = "SqlAsmCompression", "SqlAsmCompression\SqlAsmCompression.sqlproj", "{760A78C7-2D11-4934-9829-BE74F7703B07}"
EndProject
Project("{00D1A9C2-B5F0-4AF3-8072-F6C62B433612}") = "SqlAsmRegex", "SqlAsmRegex\SqlAsmRegex.sqlproj", "{947FEAEE-2770-47A6-AA16-89EB743799AF}"
EndProject
Project("{00D1A9C2-B5F0-4AF3-8072-F6C62B433612}") = "SqlAsmHttp", "SqlAsmHttp\SqlAsmHttp.sqlproj", "{1F569022-CD02-4857-B118-CF3BC1701A1B}"
EndProject
Global
	GlobalSection(SolutionConfigurationPlatforms) = preSolution
		Debug|Any CPU = Debug|Any CPU
		Release|Any CPU = Release|Any CPU
	EndGlobalSection
	GlobalSection(ProjectConfigurationPlatforms) = postSolution
		{6C79480E-DCC0-44CC-80F2-95E8918997F5}.Debug|Any CPU.ActiveCfg = Debug|Any CPU
		{6C79480E-DCC0-44CC-80F2-95E8918997F5}.Debug|Any CPU.Build.0 = Debug|Any CPU
		{6C79480E-DCC0-44CC-80F2-95E8918997F5}.Debug|Any CPU.Deploy.0 = Debug|Any CPU
		{6C79480E-DCC0-44CC-80F2-95E8918997F5}.Release|Any CPU.ActiveCfg = Release|Any CPU
		{6C79480E-DCC0-44CC-80F2-95E8918997F5}.Release|Any CPU.Build.0 = Release|Any CPU
		{6C79480E-DCC0-44CC-80F2-95E8918997F5}.Release|Any CPU.Deploy.0 = Release|Any CPU
		{760A78C7-2D11-4934-9829-BE74F7703B07}.Debug|Any CPU.ActiveCfg = Debug|Any CPU
		{760A78C7-2D11-4934-9829-BE74F7703B07}.Debug|Any CPU.Build.0 = Debug|Any CPU
		{760A78C7-2D11-4934-9829-BE74F7703B07}.Debug|Any CPU.Deploy.0 = Debug|Any CPU
		{760A78C7-2D11-4934-9829-BE74F7703B07}.Release|Any CPU.ActiveCfg = Release|Any CPU
		{760A78C7-2D11-4934-9829-BE74F7703B07}.Release|Any CPU.Build.0 = Release|Any CPU
		{760A78C7-2D11-4934-9829-BE74F7703B07}.Release|Any CPU.Deploy.0 = Release|Any CPU
		{947FEAEE-2770-47A6-AA16-89EB743799AF}.Debug|Any CPU.ActiveCfg = Debug|Any CPU
		{947FEAEE-2770-47A6-AA16-89EB743799AF}.Debug|Any CPU.Build.0 = Debug|Any CPU
		{947FEAEE-2770-47A6-AA16-89EB743799AF}.Debug|Any CPU.Deploy.0 = Debug|Any CPU
		{947FEAEE-2770-47A6-AA16-89EB743799AF}.Release|Any CPU.ActiveCfg = Release|Any CPU
		{947FEAEE-2770-47A6-AA16-89EB743799AF}.Release|Any CPU.Build.0 = Release|Any CPU
		{947FEAEE-2770-47A6-AA16-89EB743799AF}.Release|Any CPU.Deploy.0 = Release|Any CPU
		{1F569022-CD02-4857-B118-CF3BC1701A1B}.Debug|Any CPU.ActiveCfg = Debug|Any CPU
		{1F569022-CD02-4857-B118-CF3BC1701A1B}.Debug|Any CPU.Build.0 = Debug|Any CPU
		{1F569022-CD02-4857-B118-CF3BC1701A1B}.Debug|Any CPU.Deploy.0 = Debug|Any CPU
		{1F569022-CD02-4857-B118-CF3BC1701A1B}.Release|Any CPU.ActiveCfg = Release|Any CPU
		{1F569022-CD02-4857-B118-CF3BC1701A1B}.Release|Any CPU.Build.0 = Release|Any CPU
		{1F569022-CD02-4857-B118-CF3BC1701A1B}.Release|Any CPU.Deploy.0 = Release|Any CPU
	EndGlobalSection
	GlobalSection(SolutionProperties) = preSolution
		HideSolutionNode = FALSE
	EndGlobalSection
	GlobalSection(ExtensibilityGlobals) = postSolution
		SolutionGuid = {0CCF43F1-CCB7-4C16-9E44-1F2E9E6E41A9}
	EndGlobalSection
EndGlobal
